// !$*UTF8*$!
{
	archiveVersion = 1;
	classes = {
	};
	objectVersion = 46;
	objects = {

/* Begin PBXBuildFile section */
		AC0E60761B7BA6AC0007557D /* PlayerController.m in Sources */ = {isa = PBXBuildFile; fileRef = AC0E60751B7BA6AC0007557D /* PlayerController.m */; };
		AC0E60791B7BA7900007557D /* Stack.m in Sources */ = {isa = PBXBuildFile; fileRef = AC0E60781B7BA7900007557D /* Stack.m */; };
		AC0E607B1B7BA9780007557D /* CoreData.framework in Frameworks */ = {isa = PBXBuildFile; fileRef = AC0E607A1B7BA9780007557D /* CoreData.framework */; };
		AC0E607E1B7BAA000007557D /* Model.xcdatamodeld in Sources */ = {isa = PBXBuildFile; fileRef = AC0E607C1B7BAA000007557D /* Model.xcdatamodeld */; };
		AC0E60811B7BAA3D0007557D /* Player.m in Sources */ = {isa = PBXBuildFile; fileRef = AC0E60801B7BAA3D0007557D /* Player.m */; };
		ACC352541B7B9AA000E3AC29 /* main.m in Sources */ = {isa = PBXBuildFile; fileRef = ACC352531B7B9AA000E3AC29 /* main.m */; };
		ACC352571B7B9AA000E3AC29 /* AppDelegate.m in Sources */ = {isa = PBXBuildFile; fileRef = ACC352561B7B9AA000E3AC29 /* AppDelegate.m */; };
		ACC3525A1B7B9AA000E3AC29 /* OriginalViewController.m in Sources */ = {isa = PBXBuildFile; fileRef = ACC352591B7B9AA000E3AC29 /* OriginalViewController.m */; };
		ACC3525D1B7B9AA000E3AC29 /* Main.storyboard in Resources */ = {isa = PBXBuildFile; fileRef = ACC3525B1B7B9AA000E3AC29 /* Main.storyboard */; };
		ACC3525F1B7B9AA000E3AC29 /* Images.xcassets in Resources */ = {isa = PBXBuildFile; fileRef = ACC3525E1B7B9AA000E3AC29 /* Images.xcassets */; };
		ACC352621B7B9AA000E3AC29 /* LaunchScreen.xib in Resources */ = {isa = PBXBuildFile; fileRef = ACC352601B7B9AA000E3AC29 /* LaunchScreen.xib */; };
		ACC3526E1B7B9AA100E3AC29 /* The_ChallengeTests.m in Sources */ = {isa = PBXBuildFile; fileRef = ACC3526D1B7B9AA100E3AC29 /* The_ChallengeTests.m */; };
		ACC352791B7BA29A00E3AC29 /* AddPlayerViewController.m in Sources */ = {isa = PBXBuildFile; fileRef = ACC352781B7BA29A00E3AC29 /* AddPlayerViewController.m */; };
/* End PBXBuildFile section */

/* Begin PBXContainerItemProxy section */
		ACC352681B7B9AA100E3AC29 /* PBXContainerItemProxy */ = {
			isa = PBXContainerItemProxy;
			containerPortal = ACC352461B7B9AA000E3AC29 /* Project object */;
			proxyType = 1;
			remoteGlobalIDString = ACC3524D1B7B9AA000E3AC29;
			remoteInfo = "The Challenge";
		};
/* End PBXContainerItemProxy section */

/* Begin PBXFileReference section */
		AC0E60741B7BA6AC0007557D /* PlayerController.h */ = {isa = PBXFileReference; fileEncoding = 4; lastKnownFileType = sourcecode.c.h; path = PlayerController.h; sourceTree = "<group>"; };
		AC0E60751B7BA6AC0007557D /* PlayerController.m */ = {isa = PBXFileReference; fileEncoding = 4; lastKnownFileType = sourcecode.c.objc; path = PlayerController.m; sourceTree = "<group>"; };
		AC0E60771B7BA7900007557D /* Stack.h */ = {isa = PBXFileReference; fileEncoding = 4; lastKnownFileType = sourcecode.c.h; path = Stack.h; sourceTree = "<group>"; };
		AC0E60781B7BA7900007557D /* Stack.m */ = {isa = PBXFileReference; fileEncoding = 4; lastKnownFileType = sourcecode.c.objc; path = Stack.m; sourceTree = "<group>"; };
		AC0E607A1B7BA9780007557D /* CoreData.framework */ = {isa = PBXFileReference; lastKnownFileType = wrapper.framework; name = CoreData.framework; path = System/Library/Frameworks/CoreData.framework; sourceTree = SDKROOT; };
		AC0E607D1B7BAA000007557D /* Model.xcdatamodel */ = {isa = PBXFileReference; lastKnownFileType = wrapper.xcdatamodel; path = Model.xcdatamodel; sourceTree = "<group>"; };
		AC0E607F1B7BAA3D0007557D /* Player.h */ = {isa = PBXFileReference; fileEncoding = 4; lastKnownFileType = sourcecode.c.h; path = Player.h; sourceTree = "<group>"; };
		AC0E60801B7BAA3D0007557D /* Player.m */ = {isa = PBXFileReference; fileEncoding = 4; lastKnownFileType = sourcecode.c.objc; path = Player.m; sourceTree = "<group>"; };
		ACC3524E1B7B9AA000E3AC29 /* The Challenge.app */ = {isa = PBXFileReference; explicitFileType = wrapper.application; includeInIndex = 0; path = "The Challenge.app"; sourceTree = BUILT_PRODUCTS_DIR; };
		ACC352521B7B9AA000E3AC29 /* Info.plist */ = {isa = PBXFileReference; lastKnownFileType = text.plist.xml; path = Info.plist; sourceTree = "<group>"; };
		ACC352531B7B9AA000E3AC29 /* main.m */ = {isa = PBXFileReference; lastKnownFileType = sourcecode.c.objc; path = main.m; sourceTree = "<group>"; };
		ACC352551B7B9AA000E3AC29 /* AppDelegate.h */ = {isa = PBXFileReference; lastKnownFileType = sourcecode.c.h; path = AppDelegate.h; sourceTree = "<group>"; };
		ACC352561B7B9AA000E3AC29 /* AppDelegate.m */ = {isa = PBXFileReference; lastKnownFileType = sourcecode.c.objc; path = AppDelegate.m; sourceTree = "<group>"; };
		ACC352581B7B9AA000E3AC29 /* OriginalViewController.h */ = {isa = PBXFileReference; lastKnownFileType = sourcecode.c.h; path = OriginalViewController.h; sourceTree = "<group>"; };
		ACC352591B7B9AA000E3AC29 /* OriginalViewController.m */ = {isa = PBXFileReference; lastKnownFileType = sourcecode.c.objc; path = OriginalViewController.m; sourceTree = "<group>"; };
		ACC3525C1B7B9AA000E3AC29 /* Base */ = {isa = PBXFileReference; lastKnownFileType = file.storyboard; name = Base; path = Base.lproj/Main.storyboard; sourceTree = "<group>"; };
		ACC3525E1B7B9AA000E3AC29 /* Images.xcassets */ = {isa = PBXFileReference; lastKnownFileType = folder.assetcatalog; path = Images.xcassets; sourceTree = "<group>"; };
		ACC352611B7B9AA000E3AC29 /* Base */ = {isa = PBXFileReference; lastKnownFileType = file.xib; name = Base; path = Base.lproj/LaunchScreen.xib; sourceTree = "<group>"; };
		ACC352671B7B9AA100E3AC29 /* The ChallengeTests.xctest */ = {isa = PBXFileReference; explicitFileType = wrapper.cfbundle; includeInIndex = 0; path = "The ChallengeTests.xctest"; sourceTree = BUILT_PRODUCTS_DIR; };
		ACC3526C1B7B9AA100E3AC29 /* Info.plist */ = {isa = PBXFileReference; lastKnownFileType = text.plist.xml; path = Info.plist; sourceTree = "<group>"; };
		ACC3526D1B7B9AA100E3AC29 /* The_ChallengeTests.m */ = {isa = PBXFileReference; lastKnownFileType = sourcecode.c.objc; path = The_ChallengeTests.m; sourceTree = "<group>"; };
		ACC352771B7BA29A00E3AC29 /* AddPlayerViewController.h */ = {isa = PBXFileReference; fileEncoding = 4; lastKnownFileType = sourcecode.c.h; path = AddPlayerViewController.h; sourceTree = "<group>"; };
		ACC352781B7BA29A00E3AC29 /* AddPlayerViewController.m */ = {isa = PBXFileReference; fileEncoding = 4; lastKnownFileType = sourcecode.c.objc; path = AddPlayerViewController.m; sourceTree = "<group>"; };
/* End PBXFileReference section */

/* Begin PBXFrameworksBuildPhase section */
		ACC3524B1B7B9AA000E3AC29 /* Frameworks */ = {
			isa = PBXFrameworksBuildPhase;
			buildActionMask = 2147483647;
			files = (
				AC0E607B1B7BA9780007557D /* CoreData.framework in Frameworks */,
			);
			runOnlyForDeploymentPostprocessing = 0;
		};
		ACC352641B7B9AA100E3AC29 /* Frameworks */ = {
			isa = PBXFrameworksBuildPhase;
			buildActionMask = 2147483647;
			files = (
			);
			runOnlyForDeploymentPostprocessing = 0;
		};
/* End PBXFrameworksBuildPhase section */

/* Begin PBXGroup section */
		ACC352451B7B9AA000E3AC29 = {
			isa = PBXGroup;
			children = (
				AC0E607A1B7BA9780007557D /* CoreData.framework */,
				ACC352501B7B9AA000E3AC29 /* The Challenge */,
				ACC3526A1B7B9AA100E3AC29 /* The ChallengeTests */,
				ACC3524F1B7B9AA000E3AC29 /* Products */,
			);
			sourceTree = "<group>";
		};
		ACC3524F1B7B9AA000E3AC29 /* Products */ = {
			isa = PBXGroup;
			children = (
				ACC3524E1B7B9AA000E3AC29 /* The Challenge.app */,
				ACC352671B7B9AA100E3AC29 /* The ChallengeTests.xctest */,
			);
			name = Products;
			sourceTree = "<group>";
		};
		ACC352501B7B9AA000E3AC29 /* The Challenge */ = {
			isa = PBXGroup;
			children = (
				ACC352551B7B9AA000E3AC29 /* AppDelegate.h */,
				ACC352561B7B9AA000E3AC29 /* AppDelegate.m */,
				ACC352581B7B9AA000E3AC29 /* OriginalViewController.h */,
				ACC352591B7B9AA000E3AC29 /* OriginalViewController.m */,
				ACC352771B7BA29A00E3AC29 /* AddPlayerViewController.h */,
				ACC352781B7BA29A00E3AC29 /* AddPlayerViewController.m */,
				AC0E60741B7BA6AC0007557D /* PlayerController.h */,
				AC0E60751B7BA6AC0007557D /* PlayerController.m */,
				AC0E60771B7BA7900007557D /* Stack.h */,
				AC0E60781B7BA7900007557D /* Stack.m */,
				AC0E607F1B7BAA3D0007557D /* Player.h */,
				AC0E60801B7BAA3D0007557D /* Player.m */,
				AC0E607C1B7BAA000007557D /* Model.xcdatamodeld */,
				ACC3525B1B7B9AA000E3AC29 /* Main.storyboard */,
				ACC3525E1B7B9AA000E3AC29 /* Images.xcassets */,
				ACC352601B7B9AA000E3AC29 /* LaunchScreen.xib */,
				ACC352511B7B9AA000E3AC29 /* Supporting Files */,
			);
			path = "The Challenge";
			sourceTree = "<group>";
		};
		ACC352511B7B9AA000E3AC29 /* Supporting Files */ = {
			isa = PBXGroup;
			children = (
				ACC352521B7B9AA000E3AC29 /* Info.plist */,
				ACC352531B7B9AA000E3AC29 /* main.m */,
			);
			name = "Supporting Files";
			sourceTree = "<group>";
		};
		ACC3526A1B7B9AA100E3AC29 /* The ChallengeTests */ = {
			isa = PBXGroup;
			children = (
				ACC3526D1B7B9AA100E3AC29 /* The_ChallengeTests.m */,
				ACC3526B1B7B9AA100E3AC29 /* Supporting Files */,
			);
			path = "The ChallengeTests";
			sourceTree = "<group>";
		};
		ACC3526B1B7B9AA100E3AC29 /* Supporting Files */ = {
			isa = PBXGroup;
			children = (
				ACC3526C1B7B9AA100E3AC29 /* Info.plist */,
			);
			name = "Supporting Files";
			sourceTree = "<group>";
		};
/* End PBXGroup section */

/* Begin PBXNativeTarget section */
		ACC3524D1B7B9AA000E3AC29 /* The Challenge */ = {
			isa = PBXNativeTarget;
			buildConfigurationList = ACC352711B7B9AA100E3AC29 /* Build configuration list for PBXNativeTarget "The Challenge" */;
			buildPhases = (
				ACC3524A1B7B9AA000E3AC29 /* Sources */,
				ACC3524B1B7B9AA000E3AC29 /* Frameworks */,
				ACC3524C1B7B9AA000E3AC29 /* Resources */,
			);
			buildRules = (
			);
			dependencies = (
			);
			name = "The Challenge";
			productName = "The Challenge";
			productReference = ACC3524E1B7B9AA000E3AC29 /* The Challenge.app */;
			productType = "com.apple.product-type.application";
		};
		ACC352661B7B9AA100E3AC29 /* The ChallengeTests */ = {
			isa = PBXNativeTarget;
			buildConfigurationList = ACC352741B7B9AA100E3AC29 /* Build configuration list for PBXNativeTarget "The ChallengeTests" */;
			buildPhases = (
				ACC352631B7B9AA100E3AC29 /* Sources */,
				ACC352641B7B9AA100E3AC29 /* Frameworks */,
				ACC352651B7B9AA100E3AC29 /* Resources */,
			);
			buildRules = (
			);
			dependencies = (
				ACC352691B7B9AA100E3AC29 /* PBXTargetDependency */,
			);
			name = "The ChallengeTests";
			productName = "The ChallengeTests";
			productReference = ACC352671B7B9AA100E3AC29 /* The ChallengeTests.xctest */;
			productType = "com.apple.product-type.bundle.unit-test";
		};
/* End PBXNativeTarget section */

/* Begin PBXProject section */
		ACC352461B7B9AA000E3AC29 /* Project object */ = {
			isa = PBXProject;
			attributes = {
				LastUpgradeCheck = 0640;
				ORGANIZATIONNAME = SCN;
				TargetAttributes = {
					ACC3524D1B7B9AA000E3AC29 = {
						CreatedOnToolsVersion = 6.4;
					};
					ACC352661B7B9AA100E3AC29 = {
						CreatedOnToolsVersion = 6.4;
						TestTargetID = ACC3524D1B7B9AA000E3AC29;
					};
				};
			};
			buildConfigurationList = ACC352491B7B9AA000E3AC29 /* Build configuration list for PBXProject "The Challenge" */;
			compatibilityVersion = "Xcode 3.2";
			developmentRegion = English;
			hasScannedForEncodings = 0;
			knownRegions = (
				en,
				Base,
			);
			mainGroup = ACC352451B7B9AA000E3AC29;
			productRefGroup = ACC3524F1B7B9AA000E3AC29 /* Products */;
			projectDirPath = "";
			projectRoot = "";
			targets = (
				ACC3524D1B7B9AA000E3AC29 /* The Challenge */,
				ACC352661B7B9AA100E3AC29 /* The ChallengeTests */,
			);
		};
/* End PBXProject section */

/* Begin PBXResourcesBuildPhase section */
		ACC3524C1B7B9AA000E3AC29 /* Resources */ = {
			isa = PBXResourcesBuildPhase;
			buildActionMask = 2147483647;
			files = (
				ACC3525D1B7B9AA000E3AC29 /* Main.storyboard in Resources */,
				ACC352621B7B9AA000E3AC29 /* LaunchScreen.xib in Resources */,
				ACC3525F1B7B9AA000E3AC29 /* Images.xcassets in Resources */,
			);
			runOnlyForDeploymentPostprocessing = 0;
		};
		ACC352651B7B9AA100E3AC29 /* Resources */ = {
			isa = PBXResourcesBuildPhase;
			buildActionMask = 2147483647;
			files = (
			);
			runOnlyForDeploymentPostprocessing = 0;
		};
/* End PBXResourcesBuildPhase section */

/* Begin PBXSourcesBuildPhase section */
		ACC3524A1B7B9AA000E3AC29 /* Sources */ = {
			isa = PBXSourcesBuildPhase;
			buildActionMask = 2147483647;
			files = (
				AC0E60811B7BAA3D0007557D /* Player.m in Sources */,
				AC0E60791B7BA7900007557D /* Stack.m in Sources */,
				ACC3525A1B7B9AA000E3AC29 /* OriginalViewController.m in Sources */,
				ACC352791B7BA29A00E3AC29 /* AddPlayerViewController.m in Sources */,
				AC0E607E1B7BAA000007557D /* Model.xcdatamodeld in Sources */,
				ACC352571B7B9AA000E3AC29 /* AppDelegate.m in Sources */,
				AC0E60761B7BA6AC0007557D /* PlayerController.m in Sources */,
				ACC352541B7B9AA000E3AC29 /* main.m in Sources */,
			);
			runOnlyForDeploymentPostprocessing = 0;
		};
		ACC352631B7B9AA100E3AC29 /* Sources */ = {
			isa = PBXSourcesBuildPhase;
			buildActionMask = 2147483647;
			files = (
				ACC3526E1B7B9AA100E3AC29 /* The_ChallengeTests.m in Sources */,
			);
			runOnlyForDeploymentPostprocessing = 0;
		};
/* End PBXSourcesBuildPhase section */

/* Begin PBXTargetDependency section */
		ACC352691B7B9AA100E3AC29 /* PBXTargetDependency */ = {
			isa = PBXTargetDependency;
			target = ACC3524D1B7B9AA000E3AC29 /* The Challenge */;
			targetProxy = ACC352681B7B9AA100E3AC29 /* PBXContainerItemProxy */;
		};
/* End PBXTargetDependency section */

/* Begin PBXVariantGroup section */
		ACC3525B1B7B9AA000E3AC29 /* Main.storyboard */ = {
			isa = PBXVariantGroup;
			children = (
				ACC3525C1B7B9AA000E3AC29 /* Base */,
			);
			name = Main.storyboard;
			sourceTree = "<group>";
		};
		ACC352601B7B9AA000E3AC29 /* LaunchScreen.xib */ = {
			isa = PBXVariantGroup;
			children = (
				ACC352611B7B9AA000E3AC29 /* Base */,
			);
			name = LaunchScreen.xib;
			sourceTree = "<group>";
		};
/* End PBXVariantGroup section */

/* Begin XCBuildConfiguration section */
		ACC3526F1B7B9AA100E3AC29 /* Debug */ = {
			isa = XCBuildConfiguration;
			buildSettings = {
				ALWAYS_SEARCH_USER_PATHS = NO;
				CLANG_CXX_LANGUAGE_STANDARD = "gnu++0x";
				CLANG_CXX_LIBRARY = "libc++";
				CLANG_ENABLE_MODULES = YES;
				CLANG_ENABLE_OBJC_ARC = YES;
				CLANG_WARN_BOOL_CONVERSION = YES;
				CLANG_WARN_CONSTANT_CONVERSION = YES;
				CLANG_WARN_DIRECT_OBJC_ISA_USAGE = YES_ERROR;
				CLANG_WARN_EMPTY_BODY = YES;
				CLANG_WARN_ENUM_CONVERSION = YES;
				CLANG_WARN_INT_CONVERSION = YES;
				CLANG_WARN_OBJC_ROOT_CLASS = YES_ERROR;
				CLANG_WARN_UNREACHABLE_CODE = YES;
				CLANG_WARN__DUPLICATE_METHOD_MATCH = YES;
				"CODE_SIGN_IDENTITY[sdk=iphoneos*]" = "iPhone Developer";
				COPY_PHASE_STRIP = NO;
				DEBUG_INFORMATION_FORMAT = "dwarf-with-dsym";
				ENABLE_STRICT_OBJC_MSGSEND = YES;
				GCC_C_LANGUAGE_STANDARD = gnu99;
				GCC_DYNAMIC_NO_PIC = NO;
				GCC_NO_COMMON_BLOCKS = YES;
				GCC_OPTIMIZATION_LEVEL = 0;
				GCC_PREPROCESSOR_DEFINITIONS = (
					"DEBUG=1",
					"$(inherited)",
				);
				GCC_SYMBOLS_PRIVATE_EXTERN = NO;
				GCC_WARN_64_TO_32_BIT_CONVERSION = YES;
				GCC_WARN_ABOUT_RETURN_TYPE = YES_ERROR;
				GCC_WARN_UNDECLARED_SELECTOR = YES;
				GCC_WARN_UNINITIALIZED_AUTOS = YES_AGGRESSIVE;
				GCC_WARN_UNUSED_FUNCTION = YES;
				GCC_WARN_UNUSED_VARIABLE = YES;
				IPHONEOS_DEPLOYMENT_TARGET = 8.4;
				MTL_ENABLE_DEBUG_INFO = YES;
				ONLY_ACTIVE_ARCH = YES;
				SDKROOT = iphoneos;
			};
			name = Debug;
		};
		ACC352701B7B9AA100E3AC29 /* Release */ = {
			isa = XCBuildConfiguration;
			buildSettings = {
				ALWAYS_SEARCH_USER_PATHS = NO;
				CLANG_CXX_LANGUAGE_STANDARD = "gnu++0x";
				CLANG_CXX_LIBRARY = "libc++";
				CLANG_ENABLE_MODULES = YES;
				CLANG_ENABLE_OBJC_ARC = YES;
				CLANG_WARN_BOOL_CONVERSION = YES;
				CLANG_WARN_CONSTANT_CONVERSION = YES;
				CLANG_WARN_DIRECT_OBJC_ISA_USAGE = YES_ERROR;
				CLANG_WARN_EMPTY_BODY = YES;
				CLANG_WARN_ENUM_CONVERSION = YES;
				CLANG_WARN_INT_CONVERSION = YES;
				CLANG_WARN_OBJC_ROOT_CLASS = YES_ERROR;
				CLANG_WARN_UNREACHABLE_CODE = YES;
				CLANG_WARN__DUPLICATE_METHOD_MATCH = YES;
				"CODE_SIGN_IDENTITY[sdk=iphoneos*]" = "iPhone Developer";
				COPY_PHASE_STRIP = NO;
				DEBUG_INFORMATION_FORMAT = "dwarf-with-dsym";
				ENABLE_NS_ASSERTIONS = NO;
				ENABLE_STRICT_OBJC_MSGSEND = YES;
				GCC_C_LANGUAGE_STANDARD = gnu99;
				GCC_NO_COMMON_BLOCKS = YES;
				GCC_WARN_64_TO_32_BIT_CONVERSION = YES;
				GCC_WARN_ABOUT_RETURN_TYPE = YES_ERROR;
				GCC_WARN_UNDECLARED_SELECTOR = YES;
				GCC_WARN_UNINITIALIZED_AUTOS = YES_AGGRESSIVE;
				GCC_WARN_UNUSED_FUNCTION = YES;
				GCC_WARN_UNUSED_VARIABLE = YES;
				IPHONEOS_DEPLOYMENT_TARGET = 8.4;
				MTL_ENABLE_DEBUG_INFO = NO;
				SDKROOT = iphoneos;
				VALIDATE_PRODUCT = YES;
			};
			name = Release;
		};
		ACC352721B7B9AA100E3AC29 /* Debug */ = {
			isa = XCBuildConfiguration;
			buildSettings = {
				ASSETCATALOG_COMPILER_APPICON_NAME = AppIcon;
				INFOPLIST_FILE = "The Challenge/Info.plist";
				LD_RUNPATH_SEARCH_PATHS = "$(inherited) @executable_path/Frameworks";
				PRODUCT_NAME = "$(TARGET_NAME)";
			};
			name = Debug;
		};
		ACC352731B7B9AA100E3AC29 /* Release */ = {
			isa = XCBuildConfiguration;
			buildSettings = {
				ASSETCATALOG_COMPILER_APPICON_NAME = AppIcon;
				INFOPLIST_FILE = "The Challenge/Info.plist";
				LD_RUNPATH_SEARCH_PATHS = "$(inherited) @executable_path/Frameworks";
				PRODUCT_NAME = "$(TARGET_NAME)";
			};
			name = Release;
		};
		ACC352751B7B9AA100E3AC29 /* Debug */ = {
			isa = XCBuildConfiguration;
			buildSettings = {
				BUNDLE_LOADER = "$(TEST_HOST)";
				FRAMEWORK_SEARCH_PATHS = (
					"$(SDKROOT)/Developer/Library/Frameworks",
					"$(inherited)",
				);
				GCC_PREPROCESSOR_DEFINITIONS = (
					"DEBUG=1",
					"$(inherited)",
				);
				INFOPLIST_FILE = "The ChallengeTests/Info.plist";
				LD_RUNPATH_SEARCH_PATHS = "$(inherited) @executable_path/Frameworks @loader_path/Frameworks";
				PRODUCT_NAME = "$(TARGET_NAME)";
				TEST_HOST = "$(BUILT_PRODUCTS_DIR)/The Challenge.app/The Challenge";
			};
			name = Debug;
		};
		ACC352761B7B9AA100E3AC29 /* Release */ = {
			isa = XCBuildConfiguration;
			buildSettings = {
				BUNDLE_LOADER = "$(TEST_HOST)";
				FRAMEWORK_SEARCH_PATHS = (
					"$(SDKROOT)/Developer/Library/Frameworks",
					"$(inherited)",
				);
				INFOPLIST_FILE = "The ChallengeTests/Info.plist";
				LD_RUNPATH_SEARCH_PATHS = "$(inherited) @executable_path/Frameworks @loader_path/Frameworks";
				PRODUCT_NAME = "$(TARGET_NAME)";
				TEST_HOST = "$(BUILT_PRODUCTS_DIR)/The Challenge.app/The Challenge";
			};
			name = Release;
		};
/* End XCBuildConfiguration section */

/* Begin XCConfigurationList section */
		ACC352491B7B9AA000E3AC29 /* Build configuration list for PBXProject "The Challenge" */ = {
			isa = XCConfigurationList;
			buildConfigurations = (
				ACC3526F1B7B9AA100E3AC29 /* Debug */,
				ACC352701B7B9AA100E3AC29 /* Release */,
			);
			defaultConfigurationIsVisible = 0;
			defaultConfigurationName = Release;
		};
		ACC352711B7B9AA100E3AC29 /* Build configuration list for PBXNativeTarget "The Challenge" */ = {
			isa = XCConfigurationList;
			buildConfigurations = (
				ACC352721B7B9AA100E3AC29 /* Debug */,
				ACC352731B7B9AA100E3AC29 /* Release */,
			);
			defaultConfigurationIsVisible = 0;
			defaultConfigurationName = Release;
		};
		ACC352741B7B9AA100E3AC29 /* Build configuration list for PBXNativeTarget "The ChallengeTests" */ = {
			isa = XCConfigurationList;
			buildConfigurations = (
				ACC352751B7B9AA100E3AC29 /* Debug */,
				ACC352761B7B9AA100E3AC29 /* Release */,
			);
			defaultConfigurationIsVisible = 0;
			defaultConfigurationName = Release;
		};
/* End XCConfigurationList section */

/* Begin XCVersionGroup section */
		AC0E607C1B7BAA000007557D /* Model.xcdatamodeld */ = {
			isa = XCVersionGroup;
			children = (
				AC0E607D1B7BAA000007557D /* Model.xcdatamodel */,
			);
			currentVersion = AC0E607D1B7BAA000007557D /* Model.xcdatamodel */;
			path = Model.xcdatamodeld;
			sourceTree = "<group>";
			versionGroupType = wrapper.xcdatamodel;
		};
/* End XCVersionGroup section */
	};
	rootObject = ACC352461B7B9AA000E3AC29 /* Project object */;
}
